# THIS IS AN AUTOGENERATED FILE. DO NOT EDIT THIS FILE DIRECTLY.
# yarn lockfile v1


"@babel/parser@^7.16.4":
  version "7.20.3"
  resolved "https://registry.yarnpkg.com/@babel/parser/-/parser-7.20.3.tgz#5358cf62e380cf69efcb87a7bb922ff88bfac6e2"
  integrity sha512-OP/s5a94frIPXwjzEcv5S/tpQfc6XhxYUnmWpgdqMWGgYCuErA3SzozaRAMQgSZWKeTJxht9aWAkUY+0UzvOFg==

"@esbuild/linux-loong64@0.14.54":
  version "0.14.54"
  resolved "https://registry.yarnpkg.com/@esbuild/linux-loong64/-/linux-loong64-0.14.54.tgz#de2a4be678bd4d0d1ffbb86e6de779cde5999028"
  integrity sha512-bZBrLAIX1kpWelV0XemxBZllyRmM6vgFQQG2GdNb+r3Fkp0FOh1NJSvekXDs7jq70k4euu1cryLMfU+mTXlEpw==

"@fect-ui/themes@^2.2.0":
  version "2.2.0"
  resolved "https://registry.yarnpkg.com/@fect-ui/themes/-/themes-2.2.0.tgz#3042d2a9076699f6ca3ba79b6db6f7eb70d760ff"
  integrity sha512-1CIJonLeCkYqAomA+T5QqngplP7pCsf/ISDOMZSEQ4v0rvQWTxHWrMQyremiGGbDy3z5HsqrhmSPiBPvyEzrMA==

"@fect-ui/vue-hooks@^1.3.1":
  version "1.3.1"
  resolved "https://registry.yarnpkg.com/@fect-ui/vue-hooks/-/vue-hooks-1.3.1.tgz#f4fec590d6df3cc78a839b782d2d3489e10fcb5d"
  integrity sha512-kSgRzDYBq0VYuNKjqsSRlphrZBYC9kfk4lBzt+s78M0U5y0tKl1ArTDRRjHgxhYk13AqgHCDCYVXVkVfTZVxsA==

"@fect-ui/vue@^1.6.1":
  version "1.6.1"
  resolved "https://registry.yarnpkg.com/@fect-ui/vue/-/vue-1.6.1.tgz#86a31bea0a5628c5a071c7252611ce4340f411e9"
  integrity sha512-qNQxkl3gT7iQppAFQaWAOXFd8MyEhhRoQC3mD5ltiw70n0ce9FIzGfjMN1G09/3hiTndvMY+WKLrcrLGhAM2UQ==
  dependencies:
    "@fect-ui/themes" "^2.2.0"
    "@fect-ui/vue-hooks" "^1.3.1"
    "@popperjs/core" "^2.11.2"
    proy "^0.0.3"

"@popperjs/core@^2.11.2":
  version "2.11.6"
  resolved "https://registry.yarnpkg.com/@popperjs/core/-/core-2.11.6.tgz#cee20bd55e68a1720bdab363ecf0c821ded4cd45"
  integrity sha512-50/17A98tWUfQ176raKiOGXuYpLyyVMkxxG6oylzL3BPOlA6ADGdK7EYunSa4I064xerltq9TGXs8HmOk5E+vw==

"@rollup/pluginutils@^5.0.2":
  version "5.0.2"
  resolved "https://registry.yarnpkg.com/@rollup/pluginutils/-/pluginutils-5.0.2.tgz#012b8f53c71e4f6f9cb317e311df1404f56e7a33"
  integrity sha512-pTd9rIsP92h+B6wWwFbW8RkZv4hiR/xKsqre4SIuAOaOEQRxi0lqLke9k2/7WegC85GgUs9pjmOjCUi3In4vwA==
  dependencies:
    "@types/estree" "^1.0.0"
    estree-walker "^2.0.2"
    picomatch "^2.3.1"

"@types/concat-stream@^1.6.0":
  version "1.6.1"
  resolved "https://registry.yarnpkg.com/@types/concat-stream/-/concat-stream-1.6.1.tgz#24bcfc101ecf68e886aaedce60dfd74b632a1b74"
  integrity sha512-eHE4cQPoj6ngxBZMvVf6Hw7Mh4jMW4U9lpGmS5GBPB9RYxlFg+CHaVN7ErNY4W9XfLIEn20b4VDYaIrbq0q4uA==
  dependencies:
    "@types/node" "*"

"@types/estree@^1.0.0":
  version "1.0.0"
  resolved "https://registry.yarnpkg.com/@types/estree/-/estree-1.0.0.tgz#5fb2e536c1ae9bf35366eed879e827fa59ca41c2"
  integrity sha512-WulqXMDUTYAXCjZnk6JtIHPigp55cVtDgDrO2gHRwhyJto21+1zbVCtOYB2L1F9w4qCQ0rOGWBnBe0FNTiEJIQ==

"@types/estree@^1.0.1":
  version "1.0.1"
  resolved "https://registry.yarnpkg.com/@types/estree/-/estree-1.0.1.tgz#aa22750962f3bf0e79d753d3cc067f010c95f194"
  integrity sha512-LG4opVs2ANWZ1TJoKc937iMmNstM/d0ae1vNbnBvBhqCSezgVUOzcLCqbI5elV8Vy6WKwKjaqR+zO9VKirBBCA==

"@types/form-data@0.0.33":
  version "0.0.33"
  resolved "https://registry.yarnpkg.com/@types/form-data/-/form-data-0.0.33.tgz#c9ac85b2a5fd18435b8c85d9ecb50e6d6c893ff8"
  integrity sha512-8BSvG1kGm83cyJITQMZSulnl6QV8jqAGreJsc5tPu1Jq0vTSOiY/k24Wx82JRpWwZSqrala6sd5rWi6aNXvqcw==
  dependencies:
    "@types/node" "*"

"@types/node@*":
  version "20.1.1"
  resolved "https://registry.yarnpkg.com/@types/node/-/node-20.1.1.tgz#afc492e8dbe7f672dd3a13674823522b467a45ad"
  integrity sha512-uKBEevTNb+l6/aCQaKVnUModfEMjAl98lw2Si9P5y4hLu9tm6AlX2ZIoXZX6Wh9lJueYPrGPKk5WMCNHg/u6/A==

"@types/node@^10.0.3":
  version "10.17.60"
  resolved "https://registry.yarnpkg.com/@types/node/-/node-10.17.60.tgz#35f3d6213daed95da7f0f73e75bcc6980e90597b"
  integrity sha512-F0KIgDJfy2nA3zMLmWGKxcH2ZVEtCZXHHdOQs2gSaQ27+lNeEfGxzkIw90aXswATX7AZ33tahPbzy6KAfUreVw==

"@types/node@^8.0.0":
  version "8.10.66"
  resolved "https://registry.yarnpkg.com/@types/node/-/node-8.10.66.tgz#dd035d409df322acc83dff62a602f12a5783bbb3"
  integrity sha512-tktOkFUA4kXx2hhhrB8bIFb5TbwzS4uOhKEmwiD+NoiL0qtP2OQ9mFldbgD4dV1djrlBYP6eBuQZiWjuHUpqFw==

"@types/qs@^6.2.31":
  version "6.9.7"
  resolved "https://registry.yarnpkg.com/@types/qs/-/qs-6.9.7.tgz#63bb7d067db107cc1e457c303bc25d511febf6cb"
  integrity sha512-FGa1F62FT09qcrueBA6qYTrJPVDzah9a+493+o2PCXsesWHIn27G98TsSMs3WPNbZIEj4+VJf6saSFpvD+3Zsw==

"@vitejs/plugin-vue@^3.1.2":
  version "3.2.0"
  resolved "https://registry.yarnpkg.com/@vitejs/plugin-vue/-/plugin-vue-3.2.0.tgz#a1484089dd85d6528f435743f84cdd0d215bbb54"
  integrity sha512-E0tnaL4fr+qkdCNxJ+Xd0yM31UwMkQje76fsDVBBUCoGOUPexu2VDUYHL8P4CwV+zMvWw6nlRw19OnRKmYAJpw==

"@vue/compiler-core@3.2.45":
  version "3.2.45"
  resolved "https://registry.yarnpkg.com/@vue/compiler-core/-/compiler-core-3.2.45.tgz#d9311207d96f6ebd5f4660be129fb99f01ddb41b"
  integrity sha512-rcMj7H+PYe5wBV3iYeUgbCglC+pbpN8hBLTJvRiK2eKQiWqu+fG9F+8sW99JdL4LQi7Re178UOxn09puSXvn4A==
  dependencies:
    "@babel/parser" "^7.16.4"
    "@vue/shared" "3.2.45"
    estree-walker "^2.0.2"
    source-map "^0.6.1"

"@vue/compiler-dom@3.2.45":
  version "3.2.45"
  resolved "https://registry.yarnpkg.com/@vue/compiler-dom/-/compiler-dom-3.2.45.tgz#c43cc15e50da62ecc16a42f2622d25dc5fd97dce"
  integrity sha512-tyYeUEuKqqZO137WrZkpwfPCdiiIeXYCcJ8L4gWz9vqaxzIQRccTSwSWZ/Axx5YR2z+LvpUbmPNXxuBU45lyRw==
  dependencies:
    "@vue/compiler-core" "3.2.45"
    "@vue/shared" "3.2.45"

"@vue/compiler-sfc@3.2.45":
  version "3.2.45"
  resolved "https://registry.yarnpkg.com/@vue/compiler-sfc/-/compiler-sfc-3.2.45.tgz#7f7989cc04ec9e7c55acd406827a2c4e96872c70"
  integrity sha512-1jXDuWah1ggsnSAOGsec8cFjT/K6TMZ0sPL3o3d84Ft2AYZi2jWJgRMjw4iaK0rBfA89L5gw427H4n1RZQBu6Q==
  dependencies:
    "@babel/parser" "^7.16.4"
    "@vue/compiler-core" "3.2.45"
    "@vue/compiler-dom" "3.2.45"
    "@vue/compiler-ssr" "3.2.45"
    "@vue/reactivity-transform" "3.2.45"
    "@vue/shared" "3.2.45"
    estree-walker "^2.0.2"
    magic-string "^0.25.7"
    postcss "^8.1.10"
    source-map "^0.6.1"

"@vue/compiler-ssr@3.2.45":
  version "3.2.45"
  resolved "https://registry.yarnpkg.com/@vue/compiler-ssr/-/compiler-ssr-3.2.45.tgz#bd20604b6e64ea15344d5b6278c4141191c983b2"
  integrity sha512-6BRaggEGqhWht3lt24CrIbQSRD5O07MTmd+LjAn5fJj568+R9eUD2F7wMQJjX859seSlrYog7sUtrZSd7feqrQ==
  dependencies:
    "@vue/compiler-dom" "3.2.45"
    "@vue/shared" "3.2.45"

"@vue/reactivity-transform@3.2.45":
  version "3.2.45"
  resolved "https://registry.yarnpkg.com/@vue/reactivity-transform/-/reactivity-transform-3.2.45.tgz#07ac83b8138550c83dfb50db43cde1e0e5e8124d"
  integrity sha512-BHVmzYAvM7vcU5WmuYqXpwaBHjsS8T63jlKGWVtHxAHIoMIlmaMyurUSEs1Zcg46M4AYT5MtB1U274/2aNzjJQ==
  dependencies:
    "@babel/parser" "^7.16.4"
    "@vue/compiler-core" "3.2.45"
    "@vue/shared" "3.2.45"
    estree-walker "^2.0.2"
    magic-string "^0.25.7"

"@vue/reactivity@3.2.45":
  version "3.2.45"
  resolved "https://registry.yarnpkg.com/@vue/reactivity/-/reactivity-3.2.45.tgz#412a45b574de601be5a4a5d9a8cbd4dee4662ff0"
  integrity sha512-PRvhCcQcyEVohW0P8iQ7HDcIOXRjZfAsOds3N99X/Dzewy8TVhTCT4uXpAHfoKjVTJRA0O0K+6QNkDIZAxNi3A==
  dependencies:
    "@vue/shared" "3.2.45"

"@vue/runtime-core@3.2.45":
  version "3.2.45"
  resolved "https://registry.yarnpkg.com/@vue/runtime-core/-/runtime-core-3.2.45.tgz#7ad7ef9b2519d41062a30c6fa001ec43ac549c7f"
  integrity sha512-gzJiTA3f74cgARptqzYswmoQx0fIA+gGYBfokYVhF8YSXjWTUA2SngRzZRku2HbGbjzB6LBYSbKGIaK8IW+s0A==
  dependencies:
    "@vue/reactivity" "3.2.45"
    "@vue/shared" "3.2.45"

"@vue/runtime-dom@3.2.45":
  version "3.2.45"
  resolved "https://registry.yarnpkg.com/@vue/runtime-dom/-/runtime-dom-3.2.45.tgz#1a2ef6ee2ad876206fbbe2a884554bba2d0faf59"
  integrity sha512-cy88YpfP5Ue2bDBbj75Cb4bIEZUMM/mAkDMfqDTpUYVgTf/kuQ2VQ8LebuZ8k6EudgH8pYhsGWHlY0lcxlvTwA==
  dependencies:
    "@vue/runtime-core" "3.2.45"
    "@vue/shared" "3.2.45"
    csstype "^2.6.8"

"@vue/server-renderer@3.2.45":
  version "3.2.45"
  resolved "https://registry.yarnpkg.com/@vue/server-renderer/-/server-renderer-3.2.45.tgz#ca9306a0c12b0530a1a250e44f4a0abac6b81f3f"
  integrity sha512-ebiMq7q24WBU1D6uhPK//2OTR1iRIyxjF5iVq/1a5I1SDMDyDu4Ts6fJaMnjrvD3MqnaiFkKQj+LKAgz5WIK3g==
  dependencies:
    "@vue/compiler-ssr" "3.2.45"
    "@vue/shared" "3.2.45"

"@vue/shared@3.2.45":
  version "3.2.45"
  resolved "https://registry.yarnpkg.com/@vue/shared/-/shared-3.2.45.tgz#a3fffa7489eafff38d984e23d0236e230c818bc2"
  integrity sha512-Ewzq5Yhimg7pSztDV+RH1UDKBzmtqieXQlpTVm2AwraoRL/Rks96mvd8Vgi7Lj+h+TH8dv7mXD3FRZR3TUvbSg==

"@xn-sakina/rml-darwin-arm64@1.0.0":
  version "1.0.0"
  resolved "https://registry.yarnpkg.com/@xn-sakina/rml-darwin-arm64/-/rml-darwin-arm64-1.0.0.tgz#876f0af8bf5be4b46381874f746cec7607a29448"
  integrity sha512-h5uRBrpjeurdl1GgSwrmgvTzy0kwWfwNueFp8ZH1wRsd49uGufWjs5HChyJroU8agxY3bebKbmBf9e/zVQZIcg==

"@xn-sakina/rml-darwin-x64@1.0.0":
  version "1.0.0"
  resolved "https://registry.yarnpkg.com/@xn-sakina/rml-darwin-x64/-/rml-darwin-x64-1.0.0.tgz#ce4b6c012fc4e5db741aa32f0c10a4a498fc2649"
  integrity sha512-TpjqplOMaCJDT0Cvey5RxYSw/t8lEUdCrMm8JENGLhTrDNcRtmYyfuBHWXUQpHFwkNyEUlOUsxugdbBRew/PiQ==

"@xn-sakina/rml-linux-arm-gnueabihf@1.0.0":
  version "1.0.0"
  resolved "https://registry.yarnpkg.com/@xn-sakina/rml-linux-arm-gnueabihf/-/rml-linux-arm-gnueabihf-1.0.0.tgz#5db8f6b12abf433a41033c445b89e7fd898dbfde"
  integrity sha512-m3yMuaKt5+mo/lVKhgUM4Uel5cfz6EJoleaooJqHBYQzxlFcj42YOb6hcJEmLizVPiAmU7uwdqO/2uERwwssAw==

"@xn-sakina/rml-linux-arm64-gnu@1.0.0":
  version "1.0.0"
  resolved "https://registry.yarnpkg.com/@xn-sakina/rml-linux-arm64-gnu/-/rml-linux-arm64-gnu-1.0.0.tgz#5396b7fc8077aecb6ebd3e266729c0efbce692b7"
  integrity sha512-qyQG1GiPCU5HPLjIpL0D82GLIf73tDcpv3WUtK9EDrIV66ElcBKM94tWcO7Vy4FuPX2u/RMAexYzzGwQDon1OQ==

"@xn-sakina/rml-linux-arm64-musl@1.0.0":
  version "1.0.0"
  resolved "https://registry.yarnpkg.com/@xn-sakina/rml-linux-arm64-musl/-/rml-linux-arm64-musl-1.0.0.tgz#863feef573b7cdf3ecadec37157990e96cfa14c3"
  integrity sha512-BlBkkwlOi4q5iZaHipY0Qm1NTEZyKWr5pFN8F6A6wRh36WlC+CqCI8YBu+gTqe8fCQCrPuUY8JQsMyfbjriDgw==

"@xn-sakina/rml-linux-x64-gnu@1.0.0":
  version "1.0.0"
  resolved "https://registry.yarnpkg.com/@xn-sakina/rml-linux-x64-gnu/-/rml-linux-x64-gnu-1.0.0.tgz#ccba2a410dee90f20afc75cfbb803d718a8f21bf"
  integrity sha512-QVEekUY487ZZ1GrSZGvFR3jB7yz5qRHtfkgFNEAp16OfLcFMrUCqZ9wnA9d+u9ZcgbfV1f5JFYL1HsXMIhftDw==

"@xn-sakina/rml-linux-x64-musl@1.0.0":
  version "1.0.0"
  resolved "https://registry.yarnpkg.com/@xn-sakina/rml-linux-x64-musl/-/rml-linux-x64-musl-1.0.0.tgz#552d45dbf3d00128f70778b1f4f3a54efce850b9"
  integrity sha512-KsgTUcPIxgowNzLQ5lKMO7T/Zzu6O3FerHBjgM5kO32avrqx0sa0Bz7IaNidh5PqPtdGg1tSekF/gQRXMBkRQQ==

"@xn-sakina/rml-win32-arm64-msvc@1.0.0":
  version "1.0.0"
  resolved "https://registry.yarnpkg.com/@xn-sakina/rml-win32-arm64-msvc/-/rml-win32-arm64-msvc-1.0.0.tgz#94a1da268ce0b1cab069ccd4d42d4d71908e3132"
  integrity sha512-+6iFbbTAA0hziCxM0xRf2Fwt63W1RuQpJxkLms3Hjxt1OLA9ENOBkXAyUtYGo0tKfgGVteEe2fb3mESNGU5y3g==

"@xn-sakina/rml-win32-x64-msvc@1.0.0":
  version "1.0.0"
  resolved "https://registry.yarnpkg.com/@xn-sakina/rml-win32-x64-msvc/-/rml-win32-x64-msvc-1.0.0.tgz#2063593f1e3506c32209c7e3a7f8f805d169b7ec"
  integrity sha512-eoTtJn1Nm4xxLmCV7//ioDaICAuteZ0097ed26qiSaO7OTaDVqCPBlxZokkBG6nwF935s/gXo1KzSPKoIL7idQ==

asap@~2.0.6:
  version "2.0.6"
  resolved "https://registry.yarnpkg.com/asap/-/asap-2.0.6.tgz#e50347611d7e690943208bbdafebcbc2fb866d46"
  integrity sha512-BSHWgDSAiKs50o2Re8ppvp3seVHXSRM44cdSsT9FfNEUUZLOGWVCsiWaRPWM1Znn+mqZ1OfVZ3z3DWEzSp7hRA==

asynckit@^0.4.0:
  version "0.4.0"
  resolved "https://registry.yarnpkg.com/asynckit/-/asynckit-0.4.0.tgz#c79ed97f7f34cb8f2ba1bc9790bcc366474b4b79"
  integrity sha512-Oei9OH4tRh0YqU3GxhX79dM/mwVgvbZJaSNaRk+bshkj0S5cfHcgYakreBjrHwatXKbz+IoIdYLxrKim2MjW0Q==

buffer-from@^1.0.0:
  version "1.1.2"
  resolved "https://registry.yarnpkg.com/buffer-from/-/buffer-from-1.1.2.tgz#2b146a6fd72e80b4f55d255f35ed59a3a9a41bd5"
  integrity sha512-E+XQCRwSbaaiChtv6k6Dwgc+bx+Bs6vuKJHHl5kox/BaKbhiXzqQOwK4cO22yElGp2OCmjwVhT3HmxgyPGnJfQ==

call-bind@^1.0.0:
  version "1.0.2"
  resolved "https://registry.yarnpkg.com/call-bind/-/call-bind-1.0.2.tgz#b1d4e89e688119c3c9a903ad30abb2f6a919be3c"
  integrity sha512-7O+FbCihrB5WGbFYesctwmTKae6rOiIzmz1icreWJ+0aA7LJfuqhEso2T9ncpcFtzMQtzXf2QGGueWJGTYsqrA==
  dependencies:
    function-bind "^1.1.1"
    get-intrinsic "^1.0.2"

caseless@^0.12.0, caseless@~0.12.0:
  version "0.12.0"
  resolved "https://registry.yarnpkg.com/caseless/-/caseless-0.12.0.tgz#1b681c21ff84033c826543090689420d187151dc"
  integrity sha512-4tYFyifaFfGacoiObjJegolkwSU4xQNGbVgUiNYVUxbQ2x2lUsFvY4hVgVzGiIe6WLOPqycWXA40l+PWsxthUw==

combined-stream@^1.0.6:
  version "1.0.8"
  resolved "https://registry.yarnpkg.com/combined-stream/-/combined-stream-1.0.8.tgz#c3d45a8b34fd730631a110a8a2520682b31d5a7f"
  integrity sha512-FQN4MRfuJeHf7cBbBMJFXhKSDq+2kAArBlmRBvcvFE5BB1HZKXtSFASDhdlz9zOYwxh8lDdnvmMOe/+5cdoEdg==
  dependencies:
    delayed-stream "~1.0.0"

concat-stream@^1.6.0, concat-stream@^1.6.2:
  version "1.6.2"
  resolved "https://registry.yarnpkg.com/concat-stream/-/concat-stream-1.6.2.tgz#904bdf194cd3122fc675c77fc4ac3d4ff0fd1a34"
  integrity sha512-27HBghJxjiZtIk3Ycvn/4kbJk/1uZuJFfuPEns6LaEvpvG1f0hTea8lilrouyo9mVc2GWdcEZ8OLoGmSADlrCw==
  dependencies:
    buffer-from "^1.0.0"
    inherits "^2.0.3"
    readable-stream "^2.2.2"
    typedarray "^0.0.6"

core-util-is@~1.0.0:
  version "1.0.3"
  resolved "https://registry.yarnpkg.com/core-util-is/-/core-util-is-1.0.3.tgz#a6042d3634c2b27e9328f837b965fac83808db85"
  integrity sha512-ZQBvi1DcpJ4GDqanjucZ2Hj3wEO5pZDS89BWbkcrvdxksJorwUDDZamX9ldFkp9aw2lmBDLgkObEA4DWNJ9FYQ==

css.escape@^1.5.1:
  version "1.5.1"
  resolved "https://registry.yarnpkg.com/css.escape/-/css.escape-1.5.1.tgz#42e27d4fa04ae32f931a4b4d4191fa9cddee97cb"
  integrity sha512-YUifsXXuknHlUsmlgyY0PKzgPOr7/FjCePfHNt0jxm83wHZi44VDMQ7/fGNkjY3/jV1MC+1CmZbaHzugyeRtpg==

csstype@^2.6.8:
  version "2.6.21"
  resolved "https://registry.yarnpkg.com/csstype/-/csstype-2.6.21.tgz#2efb85b7cc55c80017c66a5ad7cbd931fda3a90e"
  integrity sha512-Z1PhmomIfypOpoMjRQB70jfvy/wxT50qW08YXO5lMIJkrdq4yOTR+AW7FqutScmB9NkLwxo+jU+kZLbofZZq/w==

delayed-stream@~1.0.0:
  version "1.0.0"
  resolved "https://registry.yarnpkg.com/delayed-stream/-/delayed-stream-1.0.0.tgz#df3ae199acadfb7d440aaae0b29e2272b24ec619"
  integrity sha512-ZySD7Nf91aLB0RxL4KGrKHBXl7Eds1DAmEdcoVawXnLD7SDhpNgtuII2aAkg7a7QS41jxPSZ17p4VdGnMHk3MQ==

esbuild-android-64@0.14.54:
  version "0.14.54"
  resolved "https://registry.yarnpkg.com/esbuild-android-64/-/esbuild-android-64-0.14.54.tgz#505f41832884313bbaffb27704b8bcaa2d8616be"
  integrity sha512-Tz2++Aqqz0rJ7kYBfz+iqyE3QMycD4vk7LBRyWaAVFgFtQ/O8EJOnVmTOiDWYZ/uYzB4kvP+bqejYdVKzE5lAQ==

esbuild-android-arm64@0.14.54:
  version "0.14.54"
  resolved "https://registry.yarnpkg.com/esbuild-android-arm64/-/esbuild-android-arm64-0.14.54.tgz#8ce69d7caba49646e009968fe5754a21a9871771"
  integrity sha512-F9E+/QDi9sSkLaClO8SOV6etqPd+5DgJje1F9lOWoNncDdOBL2YF59IhsWATSt0TLZbYCf3pNlTHvVV5VfHdvg==

esbuild-darwin-64@0.14.54:
  version "0.14.54"
  resolved "https://registry.yarnpkg.com/esbuild-darwin-64/-/esbuild-darwin-64-0.14.54.tgz#24ba67b9a8cb890a3c08d9018f887cc221cdda25"
  integrity sha512-jtdKWV3nBviOd5v4hOpkVmpxsBy90CGzebpbO9beiqUYVMBtSc0AL9zGftFuBon7PNDcdvNCEuQqw2x0wP9yug==

esbuild-darwin-arm64@0.14.54:
  version "0.14.54"
  resolved "https://registry.yarnpkg.com/esbuild-darwin-arm64/-/esbuild-darwin-arm64-0.14.54.tgz#3f7cdb78888ee05e488d250a2bdaab1fa671bf73"
  integrity sha512-OPafJHD2oUPyvJMrsCvDGkRrVCar5aVyHfWGQzY1dWnzErjrDuSETxwA2HSsyg2jORLY8yBfzc1MIpUkXlctmw==

esbuild-freebsd-64@0.14.54:
  version "0.14.54"
  resolved "https://registry.yarnpkg.com/esbuild-freebsd-64/-/esbuild-freebsd-64-0.14.54.tgz#09250f997a56ed4650f3e1979c905ffc40bbe94d"
  integrity sha512-OKwd4gmwHqOTp4mOGZKe/XUlbDJ4Q9TjX0hMPIDBUWWu/kwhBAudJdBoxnjNf9ocIB6GN6CPowYpR/hRCbSYAg==

esbuild-freebsd-arm64@0.14.54:
  version "0.14.54"
  resolved "https://registry.yarnpkg.com/esbuild-freebsd-arm64/-/esbuild-freebsd-arm64-0.14.54.tgz#bafb46ed04fc5f97cbdb016d86947a79579f8e48"
  integrity sha512-sFwueGr7OvIFiQT6WeG0jRLjkjdqWWSrfbVwZp8iMP+8UHEHRBvlaxL6IuKNDwAozNUmbb8nIMXa7oAOARGs1Q==

esbuild-linux-32@0.14.54:
  version "0.14.54"
  resolved "https://registry.yarnpkg.com/esbuild-linux-32/-/esbuild-linux-32-0.14.54.tgz#e2a8c4a8efdc355405325033fcebeb941f781fe5"
  integrity sha512-1ZuY+JDI//WmklKlBgJnglpUL1owm2OX+8E1syCD6UAxcMM/XoWd76OHSjl/0MR0LisSAXDqgjT3uJqT67O3qw==

esbuild-linux-64@0.14.54:
  version "0.14.54"
  resolved "https://registry.yarnpkg.com/esbuild-linux-64/-/esbuild-linux-64-0.14.54.tgz#de5fdba1c95666cf72369f52b40b03be71226652"
  integrity sha512-EgjAgH5HwTbtNsTqQOXWApBaPVdDn7XcK+/PtJwZLT1UmpLoznPd8c5CxqsH2dQK3j05YsB3L17T8vE7cp4cCg==

esbuild-linux-arm64@0.14.54:
  version "0.14.54"
  resolved "https://registry.yarnpkg.com/esbuild-linux-arm64/-/esbuild-linux-arm64-0.14.54.tgz#dae4cd42ae9787468b6a5c158da4c84e83b0ce8b"
  integrity sha512-WL71L+0Rwv+Gv/HTmxTEmpv0UgmxYa5ftZILVi2QmZBgX3q7+tDeOQNqGtdXSdsL8TQi1vIaVFHUPDe0O0kdig==

esbuild-linux-arm@0.14.54:
  version "0.14.54"
  resolved "https://registry.yarnpkg.com/esbuild-linux-arm/-/esbuild-linux-arm-0.14.54.tgz#a2c1dff6d0f21dbe8fc6998a122675533ddfcd59"
  integrity sha512-qqz/SjemQhVMTnvcLGoLOdFpCYbz4v4fUo+TfsWG+1aOu70/80RV6bgNpR2JCrppV2moUQkww+6bWxXRL9YMGw==

esbuild-linux-mips64le@0.14.54:
  version "0.14.54"
  resolved "https://registry.yarnpkg.com/esbuild-linux-mips64le/-/esbuild-linux-mips64le-0.14.54.tgz#d9918e9e4cb972f8d6dae8e8655bf9ee131eda34"
  integrity sha512-qTHGQB8D1etd0u1+sB6p0ikLKRVuCWhYQhAHRPkO+OF3I/iSlTKNNS0Lh2Oc0g0UFGguaFZZiPJdJey3AGpAlw==

esbuild-linux-ppc64le@0.14.54:
  version "0.14.54"
  resolved "https://registry.yarnpkg.com/esbuild-linux-ppc64le/-/esbuild-linux-ppc64le-0.14.54.tgz#3f9a0f6d41073fb1a640680845c7de52995f137e"
  integrity sha512-j3OMlzHiqwZBDPRCDFKcx595XVfOfOnv68Ax3U4UKZ3MTYQB5Yz3X1mn5GnodEVYzhtZgxEBidLWeIs8FDSfrQ==

esbuild-linux-riscv64@0.14.54:
  version "0.14.54"
  resolved "https://registry.yarnpkg.com/esbuild-linux-riscv64/-/esbuild-linux-riscv64-0.14.54.tgz#618853c028178a61837bc799d2013d4695e451c8"
  integrity sha512-y7Vt7Wl9dkOGZjxQZnDAqqn+XOqFD7IMWiewY5SPlNlzMX39ocPQlOaoxvT4FllA5viyV26/QzHtvTjVNOxHZg==

esbuild-linux-s390x@0.14.54:
  version "0.14.54"
  resolved "https://registry.yarnpkg.com/esbuild-linux-s390x/-/esbuild-linux-s390x-0.14.54.tgz#d1885c4c5a76bbb5a0fe182e2c8c60eb9e29f2a6"
  integrity sha512-zaHpW9dziAsi7lRcyV4r8dhfG1qBidQWUXweUjnw+lliChJqQr+6XD71K41oEIC3Mx1KStovEmlzm+MkGZHnHA==

esbuild-netbsd-64@0.14.54:
  version "0.14.54"
  resolved "https://registry.yarnpkg.com/esbuild-netbsd-64/-/esbuild-netbsd-64-0.14.54.tgz#69ae917a2ff241b7df1dbf22baf04bd330349e81"
  integrity sha512-PR01lmIMnfJTgeU9VJTDY9ZerDWVFIUzAtJuDHwwceppW7cQWjBBqP48NdeRtoP04/AtO9a7w3viI+PIDr6d+w==

esbuild-openbsd-64@0.14.54:
  version "0.14.54"
  resolved "https://registry.yarnpkg.com/esbuild-openbsd-64/-/esbuild-openbsd-64-0.14.54.tgz#db4c8495287a350a6790de22edea247a57c5d47b"
  integrity sha512-Qyk7ikT2o7Wu76UsvvDS5q0amJvmRzDyVlL0qf5VLsLchjCa1+IAvd8kTBgUxD7VBUUVgItLkk609ZHUc1oCaw==

esbuild-sunos-64@0.14.54:
  version "0.14.54"
  resolved "https://registry.yarnpkg.com/esbuild-sunos-64/-/esbuild-sunos-64-0.14.54.tgz#54287ee3da73d3844b721c21bc80c1dc7e1bf7da"
  integrity sha512-28GZ24KmMSeKi5ueWzMcco6EBHStL3B6ubM7M51RmPwXQGLe0teBGJocmWhgwccA1GeFXqxzILIxXpHbl9Q/Kw==

esbuild-windows-32@0.14.54:
  version "0.14.54"
  resolved "https://registry.yarnpkg.com/esbuild-windows-32/-/esbuild-windows-32-0.14.54.tgz#f8aaf9a5667630b40f0fb3aa37bf01bbd340ce31"
  integrity sha512-T+rdZW19ql9MjS7pixmZYVObd9G7kcaZo+sETqNH4RCkuuYSuv9AGHUVnPoP9hhuE1WM1ZimHz1CIBHBboLU7w==

esbuild-windows-64@0.14.54:
  version "0.14.54"
  resolved "https://registry.yarnpkg.com/esbuild-windows-64/-/esbuild-windows-64-0.14.54.tgz#bf54b51bd3e9b0f1886ffdb224a4176031ea0af4"
  integrity sha512-AoHTRBUuYwXtZhjXZbA1pGfTo8cJo3vZIcWGLiUcTNgHpJJMC1rVA44ZereBHMJtotyN71S8Qw0npiCIkW96cQ==

esbuild-windows-arm64@0.14.54:
  version "0.14.54"
  resolved "https://registry.yarnpkg.com/esbuild-windows-arm64/-/esbuild-windows-arm64-0.14.54.tgz#937d15675a15e4b0e4fafdbaa3a01a776a2be982"
  integrity sha512-M0kuUvXhot1zOISQGXwWn6YtS+Y/1RT9WrVIOywZnJHo3jCDyewAc79aKNQWFCQm+xNHVTq9h8dZKvygoXQQRg==

esbuild@^0.14.47:
  version "0.14.54"
  resolved "https://registry.yarnpkg.com/esbuild/-/esbuild-0.14.54.tgz#8b44dcf2b0f1a66fc22459943dccf477535e9aa2"
  integrity sha512-Cy9llcy8DvET5uznocPyqL3BFRrFXSVqbgpMJ9Wz8oVjZlh/zUSNbPRbov0VX7VxN2JH1Oa0uNxZ7eLRb62pJA==
  optionalDependencies:
    "@esbuild/linux-loong64" "0.14.54"
    esbuild-android-64 "0.14.54"
    esbuild-android-arm64 "0.14.54"
    esbuild-darwin-64 "0.14.54"
    esbuild-darwin-arm64 "0.14.54"
    esbuild-freebsd-64 "0.14.54"
    esbuild-freebsd-arm64 "0.14.54"
    esbuild-linux-32 "0.14.54"
    esbuild-linux-64 "0.14.54"
    esbuild-linux-arm "0.14.54"
    esbuild-linux-arm64 "0.14.54"
    esbuild-linux-mips64le "0.14.54"
    esbuild-linux-ppc64le "0.14.54"
    esbuild-linux-riscv64 "0.14.54"
    esbuild-linux-s390x "0.14.54"
    esbuild-netbsd-64 "0.14.54"
    esbuild-openbsd-64 "0.14.54"
    esbuild-sunos-64 "0.14.54"
    esbuild-windows-32 "0.14.54"
    esbuild-windows-64 "0.14.54"
    esbuild-windows-arm64 "0.14.54"

estree-walker@^2.0.2:
  version "2.0.2"
  resolved "https://registry.yarnpkg.com/estree-walker/-/estree-walker-2.0.2.tgz#52f010178c2a4c117a7757cfe942adb7d2da4cac"
  integrity sha512-Rfkk/Mp/DL7JVje3u18FxFujQlTNR2q6QfMSMB7AvCBx91NGj/ba3kCfza0f6dVDbw7YlRf/nDrn7pQrCCyQ/w==

form-data@^2.2.0:
  version "2.5.1"
  resolved "https://registry.yarnpkg.com/form-data/-/form-data-2.5.1.tgz#f2cbec57b5e59e23716e128fe44d4e5dd23895f4"
  integrity sha512-m21N3WOmEEURgk6B9GLOE4RuWOFf28Lhh9qGYeNlGq4VDXUlJy2th2slBNU8Gp8EzloYZOibZJ7t5ecIrFSjVA==
  dependencies:
    asynckit "^0.4.0"
    combined-stream "^1.0.6"
    mime-types "^2.1.12"

fsevents@~2.3.2:
  version "2.3.2"
  resolved "https://registry.yarnpkg.com/fsevents/-/fsevents-2.3.2.tgz#8a526f78b8fdf4623b709e0b975c52c24c02fd1a"
  integrity sha512-xiqMQR4xAeHTuB9uWm+fFRcIOgKBMiOBP+eXiyT7jsgVCq1bkVygt00oASowB7EdtpOHaaPgKt812P9ab+DDKA==

function-bind@^1.1.1:
  version "1.1.1"
  resolved "https://registry.yarnpkg.com/function-bind/-/function-bind-1.1.1.tgz#a56899d3ea3c9bab874bb9773b7c5ede92f4895d"
  integrity sha512-yIovAzMX49sF8Yl58fSCWJ5svSLuaibPxXQJFLmBObTuCr0Mf1KiPopGM9NiFjiYBCbfaa2Fh6breQ6ANVTI0A==

get-intrinsic@^1.0.2:
  version "1.2.0"
  resolved "https://registry.yarnpkg.com/get-intrinsic/-/get-intrinsic-1.2.0.tgz#7ad1dc0535f3a2904bba075772763e5051f6d05f"
  integrity sha512-L049y6nFOuom5wGyRc3/gdTLO94dySVKRACj1RmJZBQXlbTMhtNIgkWkUHq+jYmZvKf14EW1EoJnnjbmoHij0Q==
  dependencies:
    function-bind "^1.1.1"
    has "^1.0.3"
    has-symbols "^1.0.3"

get-port@^3.1.0:
  version "3.2.0"
  resolved "https://registry.yarnpkg.com/get-port/-/get-port-3.2.0.tgz#dd7ce7de187c06c8bf353796ac71e099f0980ebc"
  integrity sha512-x5UJKlgeUiNT8nyo/AcnwLnZuZNcSjSw0kogRB+Whd1fjjFq4B1hySFxSFWWSn4mIBzg3sRNUDFYc4g5gjPoLg==

happy-dom@^6.0.4:
  version "6.0.4"
  resolved "https://registry.yarnpkg.com/happy-dom/-/happy-dom-6.0.4.tgz#553c1a8ba842455beb975c579d769914808c7404"
  integrity sha512-b+ID23Ms0BY08UNLymsOMG7EI2jSlwEt4cbJs938GZfeNAg+fqgkSO3TokQMgSOFoHznpjWmpVjBUL5boJ9PWw==
  dependencies:
    css.escape "^1.5.1"
    he "^1.2.0"
    node-fetch "^2.x.x"
    sync-request "^6.1.0"
    webidl-conversions "^7.0.0"
    whatwg-encoding "^2.0.0"
    whatwg-mimetype "^3.0.0"

has-symbols@^1.0.3:
  version "1.0.3"
  resolved "https://registry.yarnpkg.com/has-symbols/-/has-symbols-1.0.3.tgz#bb7b2c4349251dce87b125f7bdf874aa7c8b39f8"
  integrity sha512-l3LCuF6MgDNwTDKkdYGEihYjt5pRPbEg46rtlmnSPlUbgmB8LOIrKJbYYFBSbnPaJexMKtiPO8hmeRjRz2Td+A==

has@^1.0.3:
  version "1.0.3"
  resolved "https://registry.yarnpkg.com/has/-/has-1.0.3.tgz#722d7cbfc1f6aa8241f16dd814e011e1f41e8796"
  integrity sha512-f2dvO0VU6Oej7RkWJGrehjbzMAjFp5/VKPp5tTpWIV4JHHZK1/BxbFRtf/siA2SWTe09caDmVtYYzWEIbBS4zw==
  dependencies:
    function-bind "^1.1.1"

he@^1.2.0:
  version "1.2.0"
  resolved "https://registry.yarnpkg.com/he/-/he-1.2.0.tgz#84ae65fa7eafb165fddb61566ae14baf05664f0f"
  integrity sha512-F/1DnUGPopORZi0ni+CvrCgHQ5FyEAHRLSApuYWMmrbSwoN2Mn/7k+Gl38gJnR7yyDZk6WLXwiGod1JOWNDKGw==

http-basic@^8.1.1:
  version "8.1.3"
  resolved "https://registry.yarnpkg.com/http-basic/-/http-basic-8.1.3.tgz#a7cabee7526869b9b710136970805b1004261bbf"
  integrity sha512-/EcDMwJZh3mABI2NhGfHOGOeOZITqfkEO4p/xK+l3NpyncIHUQBoMvCSF/b5GqvKtySC2srL/GGG3+EtlqlmCw==
  dependencies:
    caseless "^0.12.0"
    concat-stream "^1.6.2"
    http-response-object "^3.0.1"
    parse-cache-control "^1.0.1"

http-response-object@^3.0.1:
  version "3.0.2"
  resolved "https://registry.yarnpkg.com/http-response-object/-/http-response-object-3.0.2.tgz#7f435bb210454e4360d074ef1f989d5ea8aa9810"
  integrity sha512-bqX0XTF6fnXSQcEJ2Iuyr75yVakyjIDCqroJQ/aHfSdlM743Cwqoi2nDYMzLGWUcuTWGWy8AAvOKXTfiv6q9RA==
  dependencies:
    "@types/node" "^10.0.3"

iconv-lite@0.6.3:
  version "0.6.3"
  resolved "https://registry.yarnpkg.com/iconv-lite/-/iconv-lite-0.6.3.tgz#a52f80bf38da1952eb5c681790719871a1a72501"
  integrity sha512-4fCk79wshMdzMp2rH06qWrJE4iolqLhCUH+OiuIgU++RB0+94NlDL81atO7GX55uUKueo0txHNtvEyI6D7WdMw==
  dependencies:
    safer-buffer ">= 2.1.2 < 3.0.0"

inherits@^2.0.3, inherits@~2.0.3:
  version "2.0.4"
  resolved "https://registry.yarnpkg.com/inherits/-/inherits-2.0.4.tgz#0fa2c64f932917c3433a0ded55363aae37416b7c"
  integrity sha512-k/vGaX4/Yla3WzyMCvTQOXYeIHvqOKtnqBduzTHpzpQZzAskKMhZ2K+EnBiSM9zGSoIFeMpXKxa4dYeZIQqewQ==

is-core-module@^2.9.0:
  version "2.11.0"
  resolved "https://registry.yarnpkg.com/is-core-module/-/is-core-module-2.11.0.tgz#ad4cb3e3863e814523c96f3f58d26cc570ff0144"
  integrity sha512-RRjxlvLDkD1YJwDbroBHMb+cukurkDWNyHx7D3oNB5x9rb5ogcksMC5wHCadcXoo67gVr/+3GFySh3134zi6rw==
  dependencies:
    has "^1.0.3"

isarray@~1.0.0:
  version "1.0.0"
  resolved "https://registry.yarnpkg.com/isarray/-/isarray-1.0.0.tgz#bb935d48582cba168c06834957a54a3e07124f11"
  integrity sha512-VLghIWNM6ELQzo7zwmcg0NmTVyWKYjvIeM83yjp0wRDTmUnrM678fQbcKBo6n2CJEF0szoG//ytg+TKla89ALQ==

magic-string@^0.25.7:
  version "0.25.9"
  resolved "https://registry.yarnpkg.com/magic-string/-/magic-string-0.25.9.tgz#de7f9faf91ef8a1c91d02c2e5314c8277dbcdd1c"
  integrity sha512-RmF0AsMzgt25qzqqLc1+MbHmhdx0ojF2Fvs4XnOqz2ZOBXzzkEwc/dJQZCYHAn7v1jbVOjAZfK8msRn4BxO4VQ==
  dependencies:
    sourcemap-codec "^1.4.8"

magic-string@^0.26.4:
  version "0.26.7"
  resolved "https://registry.yarnpkg.com/magic-string/-/magic-string-0.26.7.tgz#caf7daf61b34e9982f8228c4527474dac8981d6f"
  integrity sha512-hX9XH3ziStPoPhJxLq1syWuZMxbDvGNbVchfrdCtanC7D13888bMFow61x8axrx+GfHLtVeAx2kxL7tTGRl+Ow==
  dependencies:
    sourcemap-codec "^1.4.8"

mime-db@1.52.0:
  version "1.52.0"
  resolved "https://registry.yarnpkg.com/mime-db/-/mime-db-1.52.0.tgz#bbabcdc02859f4987301c856e3387ce5ec43bf70"
  integrity sha512-sPU4uV7dYlvtWJxwwxHD0PuihVNiE7TyAbQ5SWxDCB9mUYvOgroQOwYQQOKPJ8CIbE+1ETVlOoK1UC2nU3gYvg==

mime-types@^2.1.12:
  version "2.1.35"
  resolved "https://registry.yarnpkg.com/mime-types/-/mime-types-2.1.35.tgz#381a871b62a734450660ae3deee44813f70d959a"
  integrity sha512-ZDY+bPm5zTTF+YpCrAU9nK0UgICYPT0QtT1NZWFv4s++TNkcgVaT0g6+4R2uI4MjQjzysHB1zxuWL50hzaeXiw==
  dependencies:
    mime-db "1.52.0"

nanoid@^3.3.4:
  version "3.3.4"
  resolved "https://registry.yarnpkg.com/nanoid/-/nanoid-3.3.4.tgz#730b67e3cd09e2deacf03c027c81c9d9dbc5e8ab"
  integrity sha512-MqBkQh/OHTS2egovRtLk45wEyNXwF+cokD+1YPf9u5VfJiRdAiRwB2froX5Co9Rh20xs4siNPm8naNotSD6RBw==

node-fetch@^2.x.x:
  version "2.6.11"
  resolved "https://registry.yarnpkg.com/node-fetch/-/node-fetch-2.6.11.tgz#cde7fc71deef3131ef80a738919f999e6edfff25"
  integrity sha512-4I6pdBY1EthSqDmJkiNk3JIT8cswwR9nfeW/cPdUagJYEQG7R95WRH74wpz7ma8Gh/9dI9FP+OU+0E4FvtA55w==
  dependencies:
    whatwg-url "^5.0.0"

object-inspect@^1.9.0:
  version "1.12.3"
  resolved "https://registry.yarnpkg.com/object-inspect/-/object-inspect-1.12.3.tgz#ba62dffd67ee256c8c086dfae69e016cd1f198b9"
  integrity sha512-geUvdk7c+eizMNUDkRpW1wJwgfOiOeHbxBR/hLXK1aT6zmVSO0jsQcs7fj6MGw89jC/cjGfLcNOrtMYtGqm81g==

parse-cache-control@^1.0.1:
  version "1.0.1"
  resolved "https://registry.yarnpkg.com/parse-cache-control/-/parse-cache-control-1.0.1.tgz#8eeab3e54fa56920fe16ba38f77fa21aacc2d74e"
  integrity sha512-60zvsJReQPX5/QP0Kzfd/VrpjScIQ7SHBW6bFCYfEP+fp0Eppr1SHhIO5nd1PjZtvclzSzES9D/p5nFJurwfWg==

path-parse@^1.0.7:
  version "1.0.7"
  resolved "https://registry.yarnpkg.com/path-parse/-/path-parse-1.0.7.tgz#fbc114b60ca42b30d9daf5858e4bd68bbedb6735"
  integrity sha512-LDJzPVEEEPR+y48z93A0Ed0yXb8pAByGWo/k5YYdYgpY2/2EsOsksJrq7lOHxryrVOn1ejG6oAp8ahvOIQD8sw==

picocolors@^1.0.0:
  version "1.0.0"
  resolved "https://registry.yarnpkg.com/picocolors/-/picocolors-1.0.0.tgz#cb5bdc74ff3f51892236eaf79d68bc44564ab81c"
  integrity sha512-1fygroTLlHu66zi26VoTDv8yRgm0Fccecssto+MhsZ0D/DGW2sm8E8AjW7NU5VVTRt5GxbeZ5qBuJr+HyLYkjQ==

picomatch@^2.3.1:
  version "2.3.1"
  resolved "https://registry.yarnpkg.com/picomatch/-/picomatch-2.3.1.tgz#3ba3833733646d9d3e4995946c1365a67fb07a42"
  integrity sha512-JU3teHTNjmE2VCGFzuY8EXzCDVwEqB2a8fsIvwaStHhAWJEeVd1o1QD80CU6+ZdEXXSLbSsuLwJjkCBWqRQUVA==

postcss@^8.1.10:
  version "8.4.19"
  resolved "https://registry.yarnpkg.com/postcss/-/postcss-8.4.19.tgz#61178e2add236b17351897c8bcc0b4c8ecab56fc"
  integrity sha512-h+pbPsyhlYj6N2ozBmHhHrs9DzGmbaarbLvWipMRO7RLS+v4onj26MPFXA5OBYFxyqYhUJK456SwDcY9H2/zsA==
  dependencies:
    nanoid "^3.3.4"
    picocolors "^1.0.0"
    source-map-js "^1.0.2"

postcss@^8.4.16:
  version "8.4.21"
  resolved "https://registry.yarnpkg.com/postcss/-/postcss-8.4.21.tgz#c639b719a57efc3187b13a1d765675485f4134f4"
  integrity sha512-tP7u/Sn/dVxK2NnruI4H9BG+x+Wxz6oeZ1cJ8P6G/PZY0IKk4k/63TDsQf2kQq3+qoJeLm2kIBUNlZe3zgb4Zg==
  dependencies:
    nanoid "^3.3.4"
    picocolors "^1.0.0"
    source-map-js "^1.0.2"

process-nextick-args@~2.0.0:
  version "2.0.1"
  resolved "https://registry.yarnpkg.com/process-nextick-args/-/process-nextick-args-2.0.1.tgz#7820d9b16120cc55ca9ae7792680ae7dba6d7fe2"
  integrity sha512-3ouUOpQhtgrbOa17J7+uxOTpITYWaGP7/AhoR3+A+/1e9skrzelGi/dXzEYyvbxubEF6Wn2ypscTKiKJFFn1ag==

promise@^8.0.0:
  version "8.3.0"
  resolved "https://registry.yarnpkg.com/promise/-/promise-8.3.0.tgz#8cb333d1edeb61ef23869fbb8a4ea0279ab60e0a"
  integrity sha512-rZPNPKTOYVNEEKFaq1HqTgOwZD+4/YHS5ukLzQCypkj+OkYx7iv0mA91lJlpPPZ8vMau3IIGj5Qlwrx+8iiSmg==
  dependencies:
    asap "~2.0.6"

proy@^0.0.3:
  version "0.0.3"
  resolved "https://registry.yarnpkg.com/proy/-/proy-0.0.3.tgz#36193c7ce883bb2d8f295e190e575f5ee6794293"
  integrity sha512-T1RE9NuaGXX54LGpt9PjxtXGio/N681v15ONwTfVkHlmt7TcNomJvV10UhNJ6PlniOygqH3cNmzVBpdvm+BZqg==

qs@^6.4.0:
  version "6.11.1"
  resolved "https://registry.yarnpkg.com/qs/-/qs-6.11.1.tgz#6c29dff97f0c0060765911ba65cbc9764186109f"
  integrity sha512-0wsrzgTz/kAVIeuxSjnpGC56rzYtr6JT/2BwEvMaPhFIoYa1aGO8LbzuU1R0uUYQkLpWBTOj0l/CLAJB64J6nQ==
  dependencies:
    side-channel "^1.0.4"

readable-stream@^2.2.2:
  version "2.3.8"
  resolved "https://registry.yarnpkg.com/readable-stream/-/readable-stream-2.3.8.tgz#91125e8042bba1b9887f49345f6277027ce8be9b"
  integrity sha512-8p0AUk4XODgIewSi0l8Epjs+EVnWiK7NoDIEGU0HhE7+ZyY8D1IMY7odu5lRrFXGg71L15KG8QrPmum45RTtdA==
  dependencies:
    core-util-is "~1.0.0"
    inherits "~2.0.3"
    isarray "~1.0.0"
    process-nextick-args "~2.0.0"
    safe-buffer "~5.1.1"
    string_decoder "~1.1.1"
    util-deprecate "~1.0.1"

resolve@^1.22.1:
  version "1.22.1"
  resolved "https://registry.yarnpkg.com/resolve/-/resolve-1.22.1.tgz#27cb2ebb53f91abb49470a928bba7558066ac177"
  integrity sha512-nBpuuYuY5jFsli/JIs1oldw6fOQCBioohqWZg/2hiaOybXOft4lonv85uDOKXdf8rhyK159cxU5cDcK/NKk8zw==
  dependencies:
    is-core-module "^2.9.0"
    path-parse "^1.0.7"
    supports-preserve-symlinks-flag "^1.0.0"

"rollup@>=2.75.6 <2.77.0 || ~2.77.0":
  version "2.77.3"
  resolved "https://registry.yarnpkg.com/rollup/-/rollup-2.77.3.tgz#8f00418d3a2740036e15deb653bed1a90ee0cc12"
  integrity sha512-/qxNTG7FbmefJWoeeYJFbHehJ2HNWnjkAFRKzWN/45eNBBF/r8lo992CwcJXEzyVxs5FmfId+vTSTQDb+bxA+g==
  optionalDependencies:
    fsevents "~2.3.2"

rs-module-lexer@^1.0.0:
  version "1.0.0"
  resolved "https://registry.yarnpkg.com/rs-module-lexer/-/rs-module-lexer-1.0.0.tgz#26b8833c052a4016b6431675f03f51e8b96262ee"
  integrity sha512-usVF0keIjjwfv+kWmT4zFkLOEH5Mk9vQRN+tp0hDfD0FTumX6uJK4PcV6uBs8fcEvrtr7d9oyta3kphR/hOZKw==
  optionalDependencies:
    "@xn-sakina/rml-darwin-arm64" "1.0.0"
    "@xn-sakina/rml-darwin-x64" "1.0.0"
    "@xn-sakina/rml-linux-arm-gnueabihf" "1.0.0"
    "@xn-sakina/rml-linux-arm64-gnu" "1.0.0"
    "@xn-sakina/rml-linux-arm64-musl" "1.0.0"
    "@xn-sakina/rml-linux-x64-gnu" "1.0.0"
    "@xn-sakina/rml-linux-x64-musl" "1.0.0"
    "@xn-sakina/rml-win32-arm64-msvc" "1.0.0"
    "@xn-sakina/rml-win32-x64-msvc" "1.0.0"

safe-buffer@~5.1.0, safe-buffer@~5.1.1:
  version "5.1.2"
  resolved "https://registry.yarnpkg.com/safe-buffer/-/safe-buffer-5.1.2.tgz#991ec69d296e0313747d59bdfd2b745c35f8828d"
  integrity sha512-Gd2UZBJDkXlY7GbJxfsE8/nvKkUEU1G38c1siN6QP6a9PT9MmHB8GnpscSmMJSoF8LOIrt8ud/wPtojys4G6+g==

"safer-buffer@>= 2.1.2 < 3.0.0":
  version "2.1.2"
  resolved "https://registry.yarnpkg.com/safer-buffer/-/safer-buffer-2.1.2.tgz#44fa161b0187b9549dd84bb91802f9bd8385cd6a"
  integrity sha512-YZo3K82SD7Riyi0E1EQPojLz7kpepnSQI9IyPbHHg1XXXevb5dJI7tpyN2ADxGcQbHG7vcyRHk0cbwqcQriUtg==

side-channel@^1.0.4:
  version "1.0.4"
  resolved "https://registry.yarnpkg.com/side-channel/-/side-channel-1.0.4.tgz#efce5c8fdc104ee751b25c58d4290011fa5ea2cf"
  integrity sha512-q5XPytqFEIKHkGdiMIrY10mvLRvnQh42/+GoBlFW3b2LXLE2xxJpZFdm94we0BaoV3RwJyGqg5wS7epxTv0Zvw==
  dependencies:
    call-bind "^1.0.0"
    get-intrinsic "^1.0.2"
    object-inspect "^1.9.0"

source-map-js@^1.0.2:
  version "1.0.2"
  resolved "https://registry.yarnpkg.com/source-map-js/-/source-map-js-1.0.2.tgz#adbc361d9c62df380125e7f161f71c826f1e490c"
  integrity sha512-R0XvVJ9WusLiqTCEiGCmICCMplcCkIwwR11mOSD9CR5u+IXYdiseeEuXCVAjS54zqwkLcPNnmU4OeJ6tUrWhDw==

source-map@^0.6.1:
  version "0.6.1"
  resolved "https://registry.yarnpkg.com/source-map/-/source-map-0.6.1.tgz#74722af32e9614e9c287a8d0bbde48b5e2f1a263"
  integrity sha512-UjgapumWlbMhkBgzT7Ykc5YXUT46F0iKu8SGXq0bcwP5dz/h0Plj6enJqjz1Zbq2l5WaqYnrVbwWOWMyF3F47g==

sourcemap-codec@^1.4.8:
  version "1.4.8"
  resolved "https://registry.yarnpkg.com/sourcemap-codec/-/sourcemap-codec-1.4.8.tgz#ea804bd94857402e6992d05a38ef1ae35a9ab4c4"
  integrity sha512-9NykojV5Uih4lgo5So5dtw+f0JgJX30KCNI8gwhz2J9A15wD0Ml6tjHKwf6fTSa6fAdVBdZeNOs9eJ71qCk8vA==

string_decoder@~1.1.1:
  version "1.1.1"
  resolved "https://registry.yarnpkg.com/string_decoder/-/string_decoder-1.1.1.tgz#9cf1611ba62685d7030ae9e4ba34149c3af03fc8"
  integrity sha512-n/ShnvDi6FHbbVfviro+WojiFzv+s8MPMHBczVePfUpDJLwoLT0ht1l4YwBCbi8pJAveEEdnkHyPyTP/mzRfwg==
  dependencies:
    safe-buffer "~5.1.0"

supports-preserve-symlinks-flag@^1.0.0:
  version "1.0.0"
  resolved "https://registry.yarnpkg.com/supports-preserve-symlinks-flag/-/supports-preserve-symlinks-flag-1.0.0.tgz#6eda4bd344a3c94aea376d4cc31bc77311039e09"
  integrity sha512-ot0WnXS9fgdkgIcePe6RHNk1WA8+muPa6cSjeR3V8K27q9BB1rTE3R1p7Hv0z1ZyAc8s6Vvv8DIyWf681MAt0w==

sync-request@^6.1.0:
  version "6.1.0"
  resolved "https://registry.yarnpkg.com/sync-request/-/sync-request-6.1.0.tgz#e96217565b5e50bbffe179868ba75532fb597e68"
  integrity sha512-8fjNkrNlNCrVc/av+Jn+xxqfCjYaBoHqCsDz6mt030UMxJGr+GSfCV1dQt2gRtlL63+VPidwDVLr7V2OcTSdRw==
  dependencies:
    http-response-object "^3.0.1"
    sync-rpc "^1.2.1"
    then-request "^6.0.0"

sync-rpc@^1.2.1:
  version "1.3.6"
  resolved "https://registry.yarnpkg.com/sync-rpc/-/sync-rpc-1.3.6.tgz#b2e8b2550a12ccbc71df8644810529deb68665a7"
  integrity sha512-J8jTXuZzRlvU7HemDgHi3pGnh/rkoqR/OZSjhTyyZrEkkYQbk7Z33AXp37mkPfPpfdOuj7Ex3H/TJM1z48uPQw==
  dependencies:
    get-port "^3.1.0"

then-request@^6.0.0:
  version "6.0.2"
  resolved "https://registry.yarnpkg.com/then-request/-/then-request-6.0.2.tgz#ec18dd8b5ca43aaee5cb92f7e4c1630e950d4f0c"
  integrity sha512-3ZBiG7JvP3wbDzA9iNY5zJQcHL4jn/0BWtXIkagfz7QgOL/LqjCEOBQuJNZfu0XYnv5JhKh+cDxCPM4ILrqruA==
  dependencies:
    "@types/concat-stream" "^1.6.0"
    "@types/form-data" "0.0.33"
    "@types/node" "^8.0.0"
    "@types/qs" "^6.2.31"
    caseless "~0.12.0"
    concat-stream "^1.6.0"
    form-data "^2.2.0"
    http-basic "^8.1.1"
    http-response-object "^3.0.1"
    promise "^8.0.0"
    qs "^6.4.0"

tr46@~0.0.3:
  version "0.0.3"
  resolved "https://registry.yarnpkg.com/tr46/-/tr46-0.0.3.tgz#8184fd347dac9cdc185992f3a6622e14b9d9ab6a"
  integrity sha512-N3WMsuqV66lT30CrXNbEjx4GEwlow3v6rr4mCcv6prnfwhS01rkgyFdjPNBYd9br7LpXV1+Emh01fHnq2Gdgrw==

typedarray@^0.0.6:
  version "0.0.6"
  resolved "https://registry.yarnpkg.com/typedarray/-/typedarray-0.0.6.tgz#867ac74e3864187b1d3d47d996a78ec5c8830777"
  integrity sha512-/aCDEGatGvZ2BIk+HmLf4ifCJFwvKFNb9/JeZPMulfgFracn9QFcAf5GO8B/mweUjSoblS5In0cWhqpfs/5PQA==

util-deprecate@~1.0.1:
  version "1.0.2"
  resolved "https://registry.yarnpkg.com/util-deprecate/-/util-deprecate-1.0.2.tgz#450d4dc9fa70de732762fbd2d4a28981419a0ccf"
  integrity sha512-EPD5q1uXyFxJpCrLnCc1nHnq3gOa6DZBocAIiI2TaSCA7VCJ1UJDMagCzIkXNsUYfD1daK//LTEQ8xiIbrHtcw==

vite-plugin-cdn2@^0.4.0:
  version "0.4.0"
  resolved "https://registry.yarnpkg.com/vite-plugin-cdn2/-/vite-plugin-cdn2-0.4.0.tgz#a6eb428f2e9507b0cfbe54595fe2885cd4cbd26a"
  integrity sha512-YOBWBgAHsDO0vAy+lb0W/GVfBl70Ia5+3AkHiSWJOrYDOYGan/6PQwVw57w+tu5G7FI/O4OC4VmALN/b8eV+Jg==
  dependencies:
    "@rollup/pluginutils" "^5.0.2"
    "@types/estree" "^1.0.1"
    happy-dom "^6.0.4"
    magic-string "^0.26.4"
    rs-module-lexer "^1.0.0"

"vite-plugin-compression2@file:..":
  version "0.9.1"
  dependencies:
    "@rollup/pluginutils" "^5.0.2"

vite@3.0.9:
  version "3.0.9"
  resolved "https://registry.yarnpkg.com/vite/-/vite-3.0.9.tgz#45fac22c2a5290a970f23d66c1aef56a04be8a30"
  integrity sha512-waYABTM+G6DBTCpYAxvevpG50UOlZuynR0ckTK5PawNVt7ebX6X7wNXHaGIO6wYYFXSM7/WcuFuO2QzhBB6aMw==
  dependencies:
    esbuild "^0.14.47"
    postcss "^8.4.16"
    resolve "^1.22.1"
    rollup ">=2.75.6 <2.77.0 || ~2.77.0"
  optionalDependencies:
    fsevents "~2.3.2"

vue@^3.2.40:
  version "3.2.45"
  resolved "https://registry.yarnpkg.com/vue/-/vue-3.2.45.tgz#94a116784447eb7dbd892167784619fef379b3c8"
  integrity sha512-9Nx/Mg2b2xWlXykmCwiTUCWHbWIj53bnkizBxKai1g61f2Xit700A1ljowpTIM11e3uipOeiPcSqnmBg6gyiaA==
  dependencies:
    "@vue/compiler-dom" "3.2.45"
    "@vue/compiler-sfc" "3.2.45"
    "@vue/runtime-dom" "3.2.45"
    "@vue/server-renderer" "3.2.45"
    "@vue/shared" "3.2.45"

webidl-conversions@^3.0.0:
  version "3.0.1"
  resolved "https://registry.yarnpkg.com/webidl-conversions/-/webidl-conversions-3.0.1.tgz#24534275e2a7bc6be7bc86611cc16ae0a5654871"
  integrity sha512-2JAn3z8AR6rjK8Sm8orRC0h/bcl/DqL7tRPdGZ4I1CjdF+EaMLmYxBHyXuKL849eucPFhvBoxMsflfOb8kxaeQ==

webidl-conversions@^7.0.0:
  version "7.0.0"
  resolved "https://registry.yarnpkg.com/webidl-conversions/-/webidl-conversions-7.0.0.tgz#256b4e1882be7debbf01d05f0aa2039778ea080a"
  integrity sha512-VwddBukDzu71offAQR975unBIGqfKZpM+8ZX6ySk8nYhVoo5CYaZyzt3YBvYtRtO+aoGlqxPg/B87NGVZ/fu6g==

whatwg-encoding@^2.0.0:
  version "2.0.0"
  resolved "https://registry.yarnpkg.com/whatwg-encoding/-/whatwg-encoding-2.0.0.tgz#e7635f597fd87020858626805a2729fa7698ac53"
  integrity sha512-p41ogyeMUrw3jWclHWTQg1k05DSVXPLcVxRTYsXUk+ZooOCZLcoYgPZ/HL/D/N+uQPOtcp1me1WhBEaX02mhWg==
  dependencies:
    iconv-lite "0.6.3"

whatwg-mimetype@^3.0.0:
  version "3.0.0"
  resolved "https://registry.yarnpkg.com/whatwg-mimetype/-/whatwg-mimetype-3.0.0.tgz#5fa1a7623867ff1af6ca3dc72ad6b8a4208beba7"
  integrity sha512-nt+N2dzIutVRxARx1nghPKGv1xHikU7HKdfafKkLNLindmPU/ch3U31NOCGGA/dmPcmb1VlofO0vnKAcsm0o/Q==

whatwg-url@^5.0.0:
  version "5.0.0"
  resolved "https://registry.yarnpkg.com/whatwg-url/-/whatwg-url-5.0.0.tgz#966454e8765462e37644d3626f6742ce8b70965d"
  integrity sha512-saE57nupxk6v3HY35+jzBwYa0rKSy0XR8JSxZPwgLr7ys0IBzhGviA1/TUGJLmSVqs8pb9AnvICXEuOHLprYTw==
  dependencies:
    tr46 "~0.0.3"
    webidl-conversions "^3.0.0"
