# THIS IS AN AUTOGENERATED FILE. DO NOT EDIT THIS FILE DIRECTLY.
# yarn lockfile v1


"buffer-crc32@0.2.1":
  "integrity" "sha512-vMfBIRp/wjlpueSz7Sb0OmO7C5SH58SSmbsT8G4D48YfO/Zgbr29xNXMpZVSC14ujVJfrZZH1Bl+kXYRQPuvfQ=="
  "resolved" "https://registry.npmjs.org/buffer-crc32/-/buffer-crc32-0.2.1.tgz"
  "version" "0.2.1"

"bytes@0.2.0":
  "integrity" "sha512-qH6XVfDizpXcxZisRfVo6rtnGQC2EoF88+p29KDyGN/0VQXFJ+ot8pkYiD673sUgeTirO42UVBitFOFzjVOIrQ=="
  "resolved" "https://registry.npmjs.org/bytes/-/bytes-0.2.0.tgz"
  "version" "0.2.0"

"connect@~2.8":
  "integrity" "sha512-lX+89ETznga72FppyAq2x4odaVn6TCzHGFatgkIecFRLI9QK4NP1dV+B4z8upeDdKn3S2ygYCRxJ7jZBelnfDw=="
  "resolved" "https://registry.npmjs.org/connect/-/connect-2.8.8.tgz"
  "version" "2.8.8"
  dependencies:
    "buffer-crc32" "0.2.1"
    "bytes" "0.2.0"
    "cookie" "0.1.0"
    "cookie-signature" "1.0.1"
    "debug" "*"
    "formidable" "1.0.14"
    "fresh" "0.2.0"
    "methods" "0.0.1"
    "pause" "0.0.1"
    "qs" "0.6.5"
    "send" "0.1.4"
    "uid2" "0.0.2"

"cookie-signature@1.0.1":
  "integrity" "sha512-FMG5ziBzXZ5d4j5obbWOH1X7AtIpsU9ce9mQ+lHo/I1++kzz/isNarOj6T1lBPRspP3mZpuIutc7OVDVcaN1Kg=="
  "resolved" "https://registry.npmjs.org/cookie-signature/-/cookie-signature-1.0.1.tgz"
  "version" "1.0.1"

"cookie@0.1.0":
  "integrity" "sha512-YSNOBX085/nzHvrTLEHYHoNdkvpLU1MPjU3r1IGawudZJjfuqnRNIFrcOJJ7bfwC+HWbHL1Y4yMkC0O+HWjV7w=="
  "resolved" "https://registry.npmjs.org/cookie/-/cookie-0.1.0.tgz"
  "version" "0.1.0"

"debug@*", "debug@~0.7":
  "integrity" "sha512-EohAb3+DSHSGx8carOSKJe8G0ayV5/i609OD0J2orCkuyae7SyZSz2aoLmQF2s0Pj5gITDebwPH7GFBlqOUQ1Q=="
  "resolved" "https://registry.npmjs.org/debug/-/debug-0.7.4.tgz"
  "version" "0.7.4"

"ejs@~0.8":
  "integrity" "sha512-2E5HBH8LoaSQ2OLW2LmEE1/9dL3YZCKqrQXBEeCv9P/dQlZOfdAYvJFHhNZ35uY6AXba+RllQTRtmJmXXm7i7g=="
  "resolved" "https://registry.npmjs.org/ejs/-/ejs-0.8.8.tgz"
  "version" "0.8.8"

"formidable@1.0.14":
  "integrity" "sha512-aOskFHEfYwkSKSzGui5jhQ+uyLo2NTwpzhndggz2YZHlv0HkAi+zG5ZEBCL3GTvqLyr/FzX9Mvx9DueCmu2HzQ=="
  "resolved" "https://registry.npmjs.org/formidable/-/formidable-1.0.14.tgz"
  "version" "1.0.14"

"fresh@0.2.0":
  "integrity" "sha512-ckGdAuSRr1wBmnq7CsW7eU37DBwQxHx3vW8foJUIrF56rkOy8Osm6Fe8KSwemwyKejivKki7jVBgpBpBJexmrw=="
  "resolved" "https://registry.npmjs.org/fresh/-/fresh-0.2.0.tgz"
  "version" "0.2.0"

"installer@^0.0.1":
  "integrity" "sha512-xWhqQroYh3fA+PgaTRUeL9PuQU+N2iSqNTAo9ZVWY9NGCDrwL7FiSA8+2PaphG/CJqHF00j8nWJjQuWi7Cbbhg=="
  "resolved" "https://registry.npmjs.org/installer/-/installer-0.0.1.tgz"
  "version" "0.0.1"
  dependencies:
    "connect" "~2.8"
    "debug" "~0.7"
    "ejs" "~0.8"

"methods@0.0.1":
  "integrity" "sha512-pB8oFfci/xcfUgM6DTxc7lbTKifPPgs3mZUOsEgaH+1TTWpmcmv3sHl+5sUHIj2X2W8aPYa2+nJealRHK+Lo6A=="
  "resolved" "https://registry.npmjs.org/methods/-/methods-0.0.1.tgz"
  "version" "0.0.1"

"mime@~1.2.9":
  "integrity" "sha512-Ysa2F/nqTNGHhhm9MV8ure4+Hc+Y8AWiqUdHxsO7xu8zc92ND9f3kpALHjaP026Ft17UfxrMt95c50PLUeynBw=="
  "resolved" "https://registry.npmjs.org/mime/-/mime-1.2.11.tgz"
  "version" "1.2.11"

"pause@0.0.1":
  "integrity" "sha512-KG8UEiEVkR3wGEb4m5yZkVCzigAD+cVEJck2CzYZO37ZGJfctvVptVO192MwrtPhzONn6go8ylnOdMhKqi4nfg=="
  "resolved" "https://registry.npmjs.org/pause/-/pause-0.0.1.tgz"
  "version" "0.0.1"

"qs@0.6.5":
  "integrity" "sha512-n7wA/f30O3SsOw2BVkGUDzjWMw7kXvQJWKtDdgfq5HJvDoad+Jbc6osN1AQ0Iain5plo9e7Cs5fE+xR+DVkPTw=="
  "resolved" "https://registry.npmjs.org/qs/-/qs-0.6.5.tgz"
  "version" "0.6.5"

"range-parser@0.0.4":
  "integrity" "sha512-okJVEq9DbZyg+5lD8pr6ooQmeA0uu8DYIyAU7VK1WUUK7hctI1yw2ZHhKiKjB6RXaDrYRmTR4SsIHkyiQpaLMA=="
  "resolved" "https://registry.npmjs.org/range-parser/-/range-parser-0.0.4.tgz"
  "version" "0.0.4"

"send@0.1.4":
  "integrity" "sha512-NJnIaB29/EcNqkNneUAm16oEVnzM2LeNBc/hmgKuExv2k9pCZQEw8SHJeCdjqesHJTyWAr7x5HjeOmRFS4BoFw=="
  "resolved" "https://registry.npmjs.org/send/-/send-0.1.4.tgz"
  "version" "0.1.4"
  dependencies:
    "debug" "*"
    "fresh" "0.2.0"
    "mime" "~1.2.9"
    "range-parser" "0.0.4"

"uid2@0.0.2":
  "integrity" "sha512-FjCp6IusuzzbZG8y0MDDsXcPwYuDAD6jK/0uzxwTFZy2/WaJEFCpQevYE9DPJsJQLMZSxX5x4HY3W7uTKhhI6Q=="
  "resolved" "https://registry.npmjs.org/uid2/-/uid2-0.0.2.tgz"
  "version" "0.0.2"
